// !$*UTF8*$!
{
	archiveVersion = 1;
	classes = {
	};
	objectVersion = 50;
	objects = {

/* Begin PBXBuildFile section */
		525C0A232459D64000568ADF /* AppDelegate.swift in Sources */ = {isa = PBXBuildFile; fileRef = 525C0A222459D64000568ADF /* AppDelegate.swift */; };
		525C0A252459D64000568ADF /* SceneDelegate.swift in Sources */ = {isa = PBXBuildFile; fileRef = 525C0A242459D64000568ADF /* SceneDelegate.swift */; };
		525C0A272459D64000568ADF /* ViewController.swift in Sources */ = {isa = PBXBuildFile; fileRef = 525C0A262459D64000568ADF /* ViewController.swift */; };
		525C0A2A2459D64000568ADF /* Main.storyboard in Resources */ = {isa = PBXBuildFile; fileRef = 525C0A282459D64000568ADF /* Main.storyboard */; };
		525C0A2C2459D64600568ADF /* Assets.xcassets in Resources */ = {isa = PBXBuildFile; fileRef = 525C0A2B2459D64600568ADF /* Assets.xcassets */; };
		525C0A2F2459D64600568ADF /* LaunchScreen.storyboard in Resources */ = {isa = PBXBuildFile; fileRef = 525C0A2D2459D64600568ADF /* LaunchScreen.storyboard */; };
		525C0A3A2459D64600568ADF /* ProxyMethodTests.swift in Sources */ = {isa = PBXBuildFile; fileRef = 525C0A392459D64600568ADF /* ProxyMethodTests.swift */; };
		525C0A452459D64600568ADF /* ProxyMethodUITests.swift in Sources */ = {isa = PBXBuildFile; fileRef = 525C0A442459D64600568ADF /* ProxyMethodUITests.swift */; };
		525C0A532459D74F00568ADF /* DetailViewController.swift in Sources */ = {isa = PBXBuildFile; fileRef = 525C0A522459D74F00568ADF /* DetailViewController.swift */; };
		525C0A552459D9A200568ADF /* LoadServiceProtokol.swift in Sources */ = {isa = PBXBuildFile; fileRef = 525C0A542459D9A200568ADF /* LoadServiceProtokol.swift */; };
		525C0A572459DA3D00568ADF /* LoadImageService.swift in Sources */ = {isa = PBXBuildFile; fileRef = 525C0A562459DA3D00568ADF /* LoadImageService.swift */; };
		525C0A592459DB5200568ADF /* Proxy.swift in Sources */ = {isa = PBXBuildFile; fileRef = 525C0A582459DB5200568ADF /* Proxy.swift */; };
/* End PBXBuildFile section */

/* Begin PBXContainerItemProxy section */
		525C0A362459D64600568ADF /* PBXContainerItemProxy */ = {
			isa = PBXContainerItemProxy;
			containerPortal = 525C0A172459D64000568ADF /* Project object */;
			proxyType = 1;
			remoteGlobalIDString = 525C0A1E2459D64000568ADF;
			remoteInfo = ProxyMethod;
		};
		525C0A412459D64600568ADF /* PBXContainerItemProxy */ = {
			isa = PBXContainerItemProxy;
			containerPortal = 525C0A172459D64000568ADF /* Project object */;
			proxyType = 1;
			remoteGlobalIDString = 525C0A1E2459D64000568ADF;
			remoteInfo = ProxyMethod;
		};
/* End PBXContainerItemProxy section */

/* Begin PBXFileReference section */
		525C0A1F2459D64000568ADF /* ProxyMethod.app */ = {isa = PBXFileReference; explicitFileType = wrapper.application; includeInIndex = 0; path = ProxyMethod.app; sourceTree = BUILT_PRODUCTS_DIR; };
		525C0A222459D64000568ADF /* AppDelegate.swift */ = {isa = PBXFileReference; lastKnownFileType = sourcecode.swift; path = AppDelegate.swift; sourceTree = "<group>"; };
		525C0A242459D64000568ADF /* SceneDelegate.swift */ = {isa = PBXFileReference; lastKnownFileType = sourcecode.swift; path = SceneDelegate.swift; sourceTree = "<group>"; };
		525C0A262459D64000568ADF /* ViewController.swift */ = {isa = PBXFileReference; lastKnownFileType = sourcecode.swift; path = ViewController.swift; sourceTree = "<group>"; };
		525C0A292459D64000568ADF /* Base */ = {isa = PBXFileReference; lastKnownFileType = file.storyboard; name = Base; path = Base.lproj/Main.storyboard; sourceTree = "<group>"; };
		525C0A2B2459D64600568ADF /* Assets.xcassets */ = {isa = PBXFileReference; lastKnownFileType = folder.assetcatalog; path = Assets.xcassets; sourceTree = "<group>"; };
		525C0A2E2459D64600568ADF /* Base */ = {isa = PBXFileReference; lastKnownFileType = file.storyboard; name = Base; path = Base.lproj/LaunchScreen.storyboard; sourceTree = "<group>"; };
		525C0A302459D64600568ADF /* Info.plist */ = {isa = PBXFileReference; lastKnownFileType = text.plist.xml; path = Info.plist; sourceTree = "<group>"; };
		525C0A352459D64600568ADF /* ProxyMethodTests.xctest */ = {isa = PBXFileReference; explicitFileType = wrapper.cfbundle; includeInIndex = 0; path = ProxyMethodTests.xctest; sourceTree = BUILT_PRODUCTS_DIR; };
		525C0A392459D64600568ADF /* ProxyMethodTests.swift */ = {isa = PBXFileReference; lastKnownFileType = sourcecode.swift; path = ProxyMethodTests.swift; sourceTree = "<group>"; };
		525C0A3B2459D64600568ADF /* Info.plist */ = {isa = PBXFileReference; lastKnownFileType = text.plist.xml; path = Info.plist; sourceTree = "<group>"; };
		525C0A402459D64600568ADF /* ProxyMethodUITests.xctest */ = {isa = PBXFileReference; explicitFileType = wrapper.cfbundle; includeInIndex = 0; path = ProxyMethodUITests.xctest; sourceTree = BUILT_PRODUCTS_DIR; };
		525C0A442459D64600568ADF /* ProxyMethodUITests.swift */ = {isa = PBXFileReference; lastKnownFileType = sourcecode.swift; path = ProxyMethodUITests.swift; sourceTree = "<group>"; };
		525C0A462459D64600568ADF /* Info.plist */ = {isa = PBXFileReference; lastKnownFileType = text.plist.xml; path = Info.plist; sourceTree = "<group>"; };
		525C0A522459D74F00568ADF /* DetailViewController.swift */ = {isa = PBXFileReference; lastKnownFileType = sourcecode.swift; path = DetailViewController.swift; sourceTree = "<group>"; };
		525C0A542459D9A200568ADF /* LoadServiceProtokol.swift */ = {isa = PBXFileReference; lastKnownFileType = sourcecode.swift; path = LoadServiceProtokol.swift; sourceTree = "<group>"; };
		525C0A562459DA3D00568ADF /* LoadImageService.swift */ = {isa = PBXFileReference; lastKnownFileType = sourcecode.swift; path = LoadImageService.swift; sourceTree = "<group>"; };
		525C0A582459DB5200568ADF /* Proxy.swift */ = {isa = PBXFileReference; lastKnownFileType = sourcecode.swift; path = Proxy.swift; sourceTree = "<group>"; };
/* End PBXFileReference section */

/* Begin PBXFrameworksBuildPhase section */
		525C0A1C2459D64000568ADF /* Frameworks */ = {
			isa = PBXFrameworksBuildPhase;
			buildActionMask = 2147483647;
			files = (
			);
			runOnlyForDeploymentPostprocessing = 0;
		};
		525C0A322459D64600568ADF /* Frameworks */ = {
			isa = PBXFrameworksBuildPhase;
			buildActionMask = 2147483647;
			files = (
			);
			runOnlyForDeploymentPostprocessing = 0;
		};
		525C0A3D2459D64600568ADF /* Frameworks */ = {
			isa = PBXFrameworksBuildPhase;
			buildActionMask = 2147483647;
			files = (
			);
			runOnlyForDeploymentPostprocessing = 0;
		};
/* End PBXFrameworksBuildPhase section */

/* Begin PBXGroup section */
		525C0A162459D64000568ADF = {
			isa = PBXGroup;
			children = (
				525C0A212459D64000568ADF /* ProxyMethod */,
				525C0A382459D64600568ADF /* ProxyMethodTests */,
				525C0A432459D64600568ADF /* ProxyMethodUITests */,
				525C0A202459D64000568ADF /* Products */,
			);
			sourceTree = "<group>";
		};
		525C0A202459D64000568ADF /* Products */ = {
			isa = PBXGroup;
			children = (
				525C0A1F2459D64000568ADF /* ProxyMethod.app */,
				525C0A352459D64600568ADF /* ProxyMethodTests.xctest */,
				525C0A402459D64600568ADF /* ProxyMethodUITests.xctest */,
			);
			name = Products;
			sourceTree = "<group>";
		};
		525C0A212459D64000568ADF /* ProxyMethod */ = {
			isa = PBXGroup;
			children = (
				525C0A222459D64000568ADF /* AppDelegate.swift */,
				525C0A242459D64000568ADF /* SceneDelegate.swift */,
				525C0A262459D64000568ADF /* ViewController.swift */,
				525C0A522459D74F00568ADF /* DetailViewController.swift */,
				525C0A282459D64000568ADF /* Main.storyboard */,
				525C0A2B2459D64600568ADF /* Assets.xcassets */,
				525C0A2D2459D64600568ADF /* LaunchScreen.storyboard */,
				525C0A302459D64600568ADF /* Info.plist */,
				525C0A542459D9A200568ADF /* LoadServiceProtokol.swift */,
				525C0A562459DA3D00568ADF /* LoadImageService.swift */,
				525C0A582459DB5200568ADF /* Proxy.swift */,
			);
			path = ProxyMethod;
			sourceTree = "<group>";
		};
		525C0A382459D64600568ADF /* ProxyMethodTests */ = {
			isa = PBXGroup;
			children = (
				525C0A392459D64600568ADF /* ProxyMethodTests.swift */,
				525C0A3B2459D64600568ADF /* Info.plist */,
			);
			path = ProxyMethodTests;
			sourceTree = "<group>";
		};
		525C0A432459D64600568ADF /* ProxyMethodUITests */ = {
			isa = PBXGroup;
			children = (
				525C0A442459D64600568ADF /* ProxyMethodUITests.swift */,
				525C0A462459D64600568ADF /* Info.plist */,
			);
			path = ProxyMethodUITests;
			sourceTree = "<group>";
		};
/* End PBXGroup section */

/* Begin PBXNativeTarget section */
		525C0A1E2459D64000568ADF /* ProxyMethod */ = {
			isa = PBXNativeTarget;
			buildConfigurationList = 525C0A492459D64600568ADF /* Build configuration list for PBXNativeTarget "ProxyMethod" */;
			buildPhases = (
				525C0A1B2459D64000568ADF /* Sources */,
				525C0A1C2459D64000568ADF /* Frameworks */,
				525C0A1D2459D64000568ADF /* Resources */,
			);
			buildRules = (
			);
			dependencies = (
			);
			name = ProxyMethod;
			productName = ProxyMethod;
			productReference = 525C0A1F2459D64000568ADF /* ProxyMethod.app */;
			productType = "com.apple.product-type.application";
		};
		525C0A342459D64600568ADF /* ProxyMethodTests */ = {
			isa = PBXNativeTarget;
			buildConfigurationList = 525C0A4C2459D64600568ADF /* Build configuration list for PBXNativeTarget "ProxyMethodTests" */;
			buildPhases = (
				525C0A312459D64600568ADF /* Sources */,
				525C0A322459D64600568ADF /* Frameworks */,
				525C0A332459D64600568ADF /* Resources */,
			);
			buildRules = (
			);
			dependencies = (
				525C0A372459D64600568ADF /* PBXTargetDependency */,
			);
			name = ProxyMethodTests;
			productName = ProxyMethodTests;
			productReference = 525C0A352459D64600568ADF /* ProxyMethodTests.xctest */;
			productType = "com.apple.product-type.bundle.unit-test";
		};
		525C0A3F2459D64600568ADF /* ProxyMethodUITests */ = {
			isa = PBXNativeTarget;
			buildConfigurationList = 525C0A4F2459D64600568ADF /* Build configuration list for PBXNativeTarget "ProxyMethodUITests" */;
			buildPhases = (
				525C0A3C2459D64600568ADF /* Sources */,
				525C0A3D2459D64600568ADF /* Frameworks */,
				525C0A3E2459D64600568ADF /* Resources */,
			);
			buildRules = (
			);
			dependencies = (
				525C0A422459D64600568ADF /* PBXTargetDependency */,
			);
			name = ProxyMethodUITests;
			productName = ProxyMethodUITests;
			productReference = 525C0A402459D64600568ADF /* ProxyMethodUITests.xctest */;
			productType = "com.apple.product-type.bundle.ui-testing";
		};
/* End PBXNativeTarget section */

/* Begin PBXProject section */
		525C0A172459D64000568ADF /* Project object */ = {
			isa = PBXProject;
			attributes = {
				LastSwiftUpdateCheck = 1130;
				LastUpgradeCheck = 1130;
				ORGANIZATIONNAME = macbookpro;
				TargetAttributes = {
					525C0A1E2459D64000568ADF = {
						CreatedOnToolsVersion = 11.3.1;
					};
					525C0A342459D64600568ADF = {
						CreatedOnToolsVersion = 11.3.1;
						TestTargetID = 525C0A1E2459D64000568ADF;
					};
					525C0A3F2459D64600568ADF = {
						CreatedOnToolsVersion = 11.3.1;
						TestTargetID = 525C0A1E2459D64000568ADF;
					};
				};
			};
			buildConfigurationList = 525C0A1A2459D64000568ADF /* Build configuration list for PBXProject "ProxyMethod" */;
			compatibilityVersion = "Xcode 9.3";
			developmentRegion = en;
			hasScannedForEncodings = 0;
			knownRegions = (
				en,
				Base,
			);
			mainGroup = 525C0A162459D64000568ADF;
			productRefGroup = 525C0A202459D64000568ADF /* Products */;
			projectDirPath = "";
			projectRoot = "";
			targets = (
				525C0A1E2459D64000568ADF /* ProxyMethod */,
				525C0A342459D64600568ADF /* ProxyMethodTests */,
				525C0A3F2459D64600568ADF /* ProxyMethodUITests */,
			);
		};
/* End PBXProject section */

/* Begin PBXResourcesBuildPhase section */
		525C0A1D2459D64000568ADF /* Resources */ = {
			isa = PBXResourcesBuildPhase;
			buildActionMask = 2147483647;
			files = (
				525C0A2F2459D64600568ADF /* LaunchScreen.storyboard in Resources */,
				525C0A2C2459D64600568ADF /* Assets.xcassets in Resources */,
				525C0A2A2459D64000568ADF /* Main.storyboard in Resources */,
			);
			runOnlyForDeploymentPostprocessing = 0;
		};
		525C0A332459D64600568ADF /* Resources */ = {
			isa = PBXResourcesBuildPhase;
			buildActionMask = 2147483647;
			files = (
			);
			runOnlyForDeploymentPostprocessing = 0;
		};
		525C0A3E2459D64600568ADF /* Resources */ = {
			isa = PBXResourcesBuildPhase;
			buildActionMask = 2147483647;
			files = (
			);
			runOnlyForDeploymentPostprocessing = 0;
		};
/* End PBXResourcesBuildPhase section */

/* Begin PBXSourcesBuildPhase section */
		525C0A1B2459D64000568ADF /* Sources */ = {
			isa = PBXSourcesBuildPhase;
			buildActionMask = 2147483647;
			files = (
				525C0A272459D64000568ADF /* ViewController.swift in Sources */,
				525C0A232459D64000568ADF /* AppDelegate.swift in Sources */,
				525C0A252459D64000568ADF /* SceneDelegate.swift in Sources */,
				525C0A592459DB5200568ADF /* Proxy.swift in Sources */,
				525C0A552459D9A200568ADF /* LoadServiceProtokol.swift in Sources */,
				525C0A532459D74F00568ADF /* DetailViewController.swift in Sources */,
				525C0A572459DA3D00568ADF /* LoadImageService.swift in Sources */,
			);
			runOnlyForDeploymentPostprocessing = 0;
		};
		525C0A312459D64600568ADF /* Sources */ = {
			isa = PBXSourcesBuildPhase;
			buildActionMask = 2147483647;
			files = (
				525C0A3A2459D64600568ADF /* ProxyMethodTests.swift in Sources */,
			);
			runOnlyForDeploymentPostprocessing = 0;
		};
		525C0A3C2459D64600568ADF /* Sources */ = {
			isa = PBXSourcesBuildPhase;
			buildActionMask = 2147483647;
			files = (
				525C0A452459D64600568ADF /* ProxyMethodUITests.swift in Sources */,
			);
			runOnlyForDeploymentPostprocessing = 0;
		};
/* End PBXSourcesBuildPhase section */

/* Begin PBXTargetDependency section */
		525C0A372459D64600568ADF /* PBXTargetDependency */ = {
			isa = PBXTargetDependency;
			target = 525C0A1E2459D64000568ADF /* ProxyMethod */;
			targetProxy = 525C0A362459D64600568ADF /* PBXContainerItemProxy */;
		};
		525C0A422459D64600568ADF /* PBXTargetDependency */ = {
			isa = PBXTargetDependency;
			target = 525C0A1E2459D64000568ADF /* ProxyMethod */;
			targetProxy = 525C0A412459D64600568ADF /* PBXContainerItemProxy */;
		};
/* End PBXTargetDependency section */

/* Begin PBXVariantGroup section */
		525C0A282459D64000568ADF /* Main.storyboard */ = {
			isa = PBXVariantGroup;
			children = (
				525C0A292459D64000568ADF /* Base */,
			);
			name = Main.storyboard;
			sourceTree = "<group>";
		};
		525C0A2D2459D64600568ADF /* LaunchScreen.storyboard */ = {
			isa = PBXVariantGroup;
			children = (
				525C0A2E2459D64600568ADF /* Base */,
			);
			name = LaunchScreen.storyboard;
			sourceTree = "<group>";
		};
/* End PBXVariantGroup section */

/* Begin XCBuildConfiguration section */
		525C0A472459D64600568ADF /* Debug */ = {
			isa = XCBuildConfiguration;
			buildSettings = {
				ALWAYS_SEARCH_USER_PATHS = NO;
				CLANG_ANALYZER_NONNULL = YES;
				CLANG_ANALYZER_NUMBER_OBJECT_CONVERSION = YES_AGGRESSIVE;
				CLANG_CXX_LANGUAGE_STANDARD = "gnu++14";
				CLANG_CXX_LIBRARY = "libc++";
				CLANG_ENABLE_MODULES = YES;
				CLANG_ENABLE_OBJC_ARC = YES;
				CLANG_ENABLE_OBJC_WEAK = YES;
				CLANG_WARN_BLOCK_CAPTURE_AUTORELEASING = YES;
				CLANG_WARN_BOOL_CONVERSION = YES;
				CLANG_WARN_COMMA = YES;
				CLANG_WARN_CONSTANT_CONVERSION = YES;
				CLANG_WARN_DEPRECATED_OBJC_IMPLEMENTATIONS = YES;
				CLANG_WARN_DIRECT_OBJC_ISA_USAGE = YES_ERROR;
				CLANG_WARN_DOCUMENTATION_COMMENTS = YES;
				CLANG_WARN_EMPTY_BODY = YES;
				CLANG_WARN_ENUM_CONVERSION = YES;
				CLANG_WARN_INFINITE_RECURSION = YES;
				CLANG_WARN_INT_CONVERSION = YES;
				CLANG_WARN_NON_LITERAL_NULL_CONVERSION = YES;
				CLANG_WARN_OBJC_IMPLICIT_RETAIN_SELF = YES;
				CLANG_WARN_OBJC_LITERAL_CONVERSION = YES;
				CLANG_WARN_OBJC_ROOT_CLASS = YES_ERROR;
				CLANG_WARN_RANGE_LOOP_ANALYSIS = YES;
				CLANG_WARN_STRICT_PROTOTYPES = YES;
				CLANG_WARN_SUSPICIOUS_MOVE = YES;
				CLANG_WARN_UNGUARDED_AVAILABILITY = YES_AGGRESSIVE;
				CLANG_WARN_UNREACHABLE_CODE = YES;
				CLANG_WARN__DUPLICATE_METHOD_MATCH = YES;
				COPY_PHASE_STRIP = NO;
				DEBUG_INFORMATION_FORMAT = dwarf;
				ENABLE_STRICT_OBJC_MSGSEND = YES;
				ENABLE_TESTABILITY = YES;
				GCC_C_LANGUAGE_STANDARD = gnu11;
				GCC_DYNAMIC_NO_PIC = NO;
				GCC_NO_COMMON_BLOCKS = YES;
				GCC_OPTIMIZATION_LEVEL = 0;
				GCC_PREPROCESSOR_DEFINITIONS = (
					"DEBUG=1",
					"$(inherited)",
				);
				GCC_WARN_64_TO_32_BIT_CONVERSION = YES;
				GCC_WARN_ABOUT_RETURN_TYPE = YES_ERROR;
				GCC_WARN_UNDECLARED_SELECTOR = YES;
				GCC_WARN_UNINITIALIZED_AUTOS = YES_AGGRESSIVE;
				GCC_WARN_UNUSED_FUNCTION = YES;
				GCC_WARN_UNUSED_VARIABLE = YES;
				IPHONEOS_DEPLOYMENT_TARGET = 13.2;
				MTL_ENABLE_DEBUG_INFO = INCLUDE_SOURCE;
				MTL_FAST_MATH = YES;
				ONLY_ACTIVE_ARCH = YES;
				SDKROOT = iphoneos;
				SWIFT_ACTIVE_COMPILATION_CONDITIONS = DEBUG;
				SWIFT_OPTIMIZATION_LEVEL = "-Onone";
			};
			name = Debug;
		};
		525C0A482459D64600568ADF /* Release */ = {
			isa = XCBuildConfiguration;
			buildSettings = {
				ALWAYS_SEARCH_USER_PATHS = NO;
				CLANG_ANALYZER_NONNULL = YES;
				CLANG_ANALYZER_NUMBER_OBJECT_CONVERSION = YES_AGGRESSIVE;
				CLANG_CXX_LANGUAGE_STANDARD = "gnu++14";
				CLANG_CXX_LIBRARY = "libc++";
				CLANG_ENABLE_MODULES = YES;
				CLANG_ENABLE_OBJC_ARC = YES;
				CLANG_ENABLE_OBJC_WEAK = YES;
				CLANG_WARN_BLOCK_CAPTURE_AUTORELEASING = YES;
				CLANG_WARN_BOOL_CONVERSION = YES;
				CLANG_WARN_COMMA = YES;
				CLANG_WARN_CONSTANT_CONVERSION = YES;
				CLANG_WARN_DEPRECATED_OBJC_IMPLEMENTATIONS = YES;
				CLANG_WARN_DIRECT_OBJC_ISA_USAGE = YES_ERROR;
				CLANG_WARN_DOCUMENTATION_COMMENTS = YES;
				CLANG_WARN_EMPTY_BODY = YES;
				CLANG_WARN_ENUM_CONVERSION = YES;
				CLANG_WARN_INFINITE_RECURSION = YES;
				CLANG_WARN_INT_CONVERSION = YES;
				CLANG_WARN_NON_LITERAL_NULL_CONVERSION = YES;
				CLANG_WARN_OBJC_IMPLICIT_RETAIN_SELF = YES;
				CLANG_WARN_OBJC_LITERAL_CONVERSION = YES;
				CLANG_WARN_OBJC_ROOT_CLASS = YES_ERROR;
				CLANG_WARN_RANGE_LOOP_ANALYSIS = YES;
				CLANG_WARN_STRICT_PROTOTYPES = YES;
				CLANG_WARN_SUSPICIOUS_MOVE = YES;
				CLANG_WARN_UNGUARDED_AVAILABILITY = YES_AGGRESSIVE;
				CLANG_WARN_UNREACHABLE_CODE = YES;
				CLANG_WARN__DUPLICATE_METHOD_MATCH = YES;
				COPY_PHASE_STRIP = NO;
				DEBUG_INFORMATION_FORMAT = "dwarf-with-dsym";
				ENABLE_NS_ASSERTIONS = NO;
				ENABLE_STRICT_OBJC_MSGSEND = YES;
				GCC_C_LANGUAGE_STANDARD = gnu11;
				GCC_NO_COMMON_BLOCKS = YES;
				GCC_WARN_64_TO_32_BIT_CONVERSION = YES;
				GCC_WARN_ABOUT_RETURN_TYPE = YES_ERROR;
				GCC_WARN_UNDECLARED_SELECTOR = YES;
				GCC_WARN_UNINITIALIZED_AUTOS = YES_AGGRESSIVE;
				GCC_WARN_UNUSED_FUNCTION = YES;
				GCC_WARN_UNUSED_VARIABLE = YES;
				IPHONEOS_DEPLOYMENT_TARGET = 13.2;
				MTL_ENABLE_DEBUG_INFO = NO;
				MTL_FAST_MATH = YES;
				SDKROOT = iphoneos;
				SWIFT_COMPILATION_MODE = wholemodule;
				SWIFT_OPTIMIZATION_LEVEL = "-O";
				VALIDATE_PRODUCT = YES;
			};
			name = Release;
		};
		525C0A4A2459D64600568ADF /* Debug */ = {
			isa = XCBuildConfiguration;
			buildSettings = {
				ASSETCATALOG_COMPILER_APPICON_NAME = AppIcon;
				CODE_SIGN_STYLE = Automatic;
				DEVELOPMENT_TEAM = 986PSV4D2J;
				INFOPLIST_FILE = ProxyMethod/Info.plist;
				LD_RUNPATH_SEARCH_PATHS = (
					"$(inherited)",
					"@executable_path/Frameworks",
				);
				PRODUCT_BUNDLE_IDENTIFIER = Anka.ProxyMethod;
				PRODUCT_NAME = "$(TARGET_NAME)";
				SWIFT_VERSION = 5.0;
				TARGETED_DEVICE_FAMILY = "1,2";
			};
			name = Debug;
		};
		525C0A4B2459D64600568ADF /* Release */ = {
			isa = XCBuildConfiguration;
			buildSettings = {
				ASSETCATALOG_COMPILER_APPICON_NAME = AppIcon;
				CODE_SIGN_STYLE = Automatic;
				DEVELOPMENT_TEAM = 986PSV4D2J;
				INFOPLIST_FILE = ProxyMethod/Info.plist;
				LD_RUNPATH_SEARCH_PATHS = (
					"$(inherited)",
					"@executable_path/Frameworks",
				);
				PRODUCT_BUNDLE_IDENTIFIER = Anka.ProxyMethod;
				PRODUCT_NAME = "$(TARGET_NAME)";
				SWIFT_VERSION = 5.0;
				TARGETED_DEVICE_FAMILY = "1,2";
			};
			name = Release;
		};
		525C0A4D2459D64600568ADF /* Debug */ = {
			isa = XCBuildConfiguration;
			buildSettings = {
				ALWAYS_EMBED_SWIFT_STANDARD_LIBRARIES = YES;
				BUNDLE_LOADER = "$(TEST_HOST)";
				CODE_SIGN_STYLE = Automatic;
				DEVELOPMENT_TEAM = 986PSV4D2J;
				INFOPLIST_FILE = ProxyMethodTests/Info.plist;
				IPHONEOS_DEPLOYMENT_TARGET = 13.2;
				LD_RUNPATH_SEARCH_PATHS = (
					"$(inherited)",
					"@executable_path/Frameworks",
					"@loader_path/Frameworks",
				);
				PRODUCT_BUNDLE_IDENTIFIER = Anka.ProxyMethodTests;
				PRODUCT_NAME = "$(TARGET_NAME)";
				SWIFT_VERSION = 5.0;
				TARGETED_DEVICE_FAMILY = "1,2";
				TEST_HOST = "$(BUILT_PRODUCTS_DIR)/ProxyMethod.app/ProxyMethod";
			};
			name = Debug;
		};
		525C0A4E2459D64600568ADF /* Release */ = {
			isa = XCBuildConfiguration;
			buildSettings = {
				ALWAYS_EMBED_SWIFT_STANDARD_LIBRARIES = YES;
				BUNDLE_LOADER = "$(TEST_HOST)";
				CODE_SIGN_STYLE = Automatic;
				DEVELOPMENT_TEAM = 986PSV4D2J;
				INFOPLIST_FILE = ProxyMethodTests/Info.plist;
				IPHONEOS_DEPLOYMENT_TARGET = 13.2;
				LD_RUNPATH_SEARCH_PATHS = (
					"$(inherited)",
					"@executable_path/Frameworks",
					"@loader_path/Frameworks",
				);
				PRODUCT_BUNDLE_IDENTIFIER = Anka.ProxyMethodTests;
				PRODUCT_NAME = "$(TARGET_NAME)";
				SWIFT_VERSION = 5.0;
				TARGETED_DEVICE_FAMILY = "1,2";
				TEST_HOST = "$(BUILT_PRODUCTS_DIR)/ProxyMethod.app/ProxyMethod";
			};
			name = Release;
		};
		525C0A502459D64600568ADF /* Debug */ = {
			isa = XCBuildConfiguration;
			buildSettings = {
				ALWAYS_EMBED_SWIFT_STANDARD_LIBRARIES = YES;
				CODE_SIGN_STYLE = Automatic;
				DEVELOPMENT_TEAM = 986PSV4D2J;
				INFOPLIST_FILE = ProxyMethodUITests/Info.plist;
				LD_RUNPATH_SEARCH_PATHS = (
					"$(inherited)",
					"@executable_path/Frameworks",
					"@loader_path/Frameworks",
				);
				PRODUCT_BUNDLE_IDENTIFIER = Anka.ProxyMethodUITests;
				PRODUCT_NAME = "$(TARGET_NAME)";
				SWIFT_VERSION = 5.0;
				TARGETED_DEVICE_FAMILY = "1,2";
				TEST_TARGET_NAME = ProxyMethod;
			};
			name = Debug;
		};
		525C0A512459D64600568ADF /* Release */ = {
			isa = XCBuildConfiguration;
			buildSettings = {
				ALWAYS_EMBED_SWIFT_STANDARD_LIBRARIES = YES;
				CODE_SIGN_STYLE = Automatic;
				DEVELOPMENT_TEAM = 986PSV4D2J;
				INFOPLIST_FILE = ProxyMethodUITests/Info.plist;
				LD_RUNPATH_SEARCH_PATHS = (
					"$(inherited)",
					"@executable_path/Frameworks",
					"@loader_path/Frameworks",
				);
				PRODUCT_BUNDLE_IDENTIFIER = Anka.ProxyMethodUITests;
				PRODUCT_NAME = "$(TARGET_NAME)";
				SWIFT_VERSION = 5.0;
				TARGETED_DEVICE_FAMILY = "1,2";
				TEST_TARGET_NAME = ProxyMethod;
			};
			name = Release;
		};
/* End XCBuildConfiguration section */

/* Begin XCConfigurationList section */
		525C0A1A2459D64000568ADF /* Build configuration list for PBXProject "ProxyMethod" */ = {
			isa = XCConfigurationList;
			buildConfigurations = (
				525C0A472459D64600568ADF /* Debug */,
				525C0A482459D64600568ADF /* Release */,
			);
			defaultConfigurationIsVisible = 0;
			defaultConfigurationName = Release;
		};
		525C0A492459D64600568ADF /* Build configuration list for PBXNativeTarget "ProxyMethod" */ = {
			isa = XCConfigurationList;
			buildConfigurations = (
				525C0A4A2459D64600568ADF /* Debug */,
				525C0A4B2459D64600568ADF /* Release */,
			);
			defaultConfigurationIsVisible = 0;
			defaultConfigurationName = Release;
		};
		525C0A4C2459D64600568ADF /* Build configuration list for PBXNativeTarget "ProxyMethodTests" */ = {
			isa = XCConfigurationList;
			buildConfigurations = (
				525C0A4D2459D64600568ADF /* Debug */,
				525C0A4E2459D64600568ADF /* Release */,
			);
			defaultConfigurationIsVisible = 0;
			defaultConfigurationName = Release;
		};
		525C0A4F2459D64600568ADF /* Build configuration list for PBXNativeTarget "ProxyMethodUITests" */ = {
			isa = XCConfigurationList;
			buildConfigurations = (
				525C0A502459D64600568ADF /* Debug */,
				525C0A512459D64600568ADF /* Release */,
			);
			defaultConfigurationIsVisible = 0;
			defaultConfigurationName = Release;
		};
/* End XCConfigurationList section */
	};
	rootObject = 525C0A172459D64000568ADF /* Project object */;
}
